
Microsoft Visual Studio Solution File, Format Version 12.00
# Visual Studio Version 17
VisualStudioVersion = 17.9.34616.47
MinimumVisualStudioVersion = 10.0.40219.1
Project("{FAE04EC0-301F-11D3-BF4B-00C04F79EFBC}") = "PhotoAlbum_MAGONCIA", "PhotoAlbum_MAGONCIA.csproj", "{FC58FC87-1F84-4D8F-B45E-5D3BD194C493}"
EndProject
Global
	GlobalSection(SolutionConfigurationPlatforms) = preSolution
		Debug|Any CPU = Debug|Any CPU
		Release|Any CPU = Release|Any CPU
	EndGlobalSection
	GlobalSection(ProjectConfigurationPlatforms) = postSolution
		{FC58FC87-1F84-4D8F-B45E-5D3BD194C493}.Debug|Any CPU.ActiveCfg = Debug|Any CPU
		{FC58FC87-1F84-4D8F-B45E-5D3BD194C493}.Debug|Any CPU.Build.0 = Debug|Any CPU
		{FC58FC87-1F84-4D8F-B45E-5D3BD194C493}.Release|Any CPU.ActiveCfg = Release|Any CPU
		{FC58FC87-1F84-4D8F-B45E-5D3BD194C493}.Release|Any CPU.Build.0 = Release|Any CPU
	EndGlobalSection
	GlobalSection(SolutionProperties) = preSolution
		HideSolutionNode = FALSE
	EndGlobalSection
	GlobalSection(ExtensibilityGlobals) = postSolution
		SolutionGuid = {A892847A-02F0-4107-9F7F-C48CF3A00FFA}
	EndGlobalSection
EndGlobal
